
Microsoft Visual Studio Solution File, Format Version 12.00
# Visual Studio Version 17
VisualStudioVersion = 17.1.32210.238
MinimumVisualStudioVersion = 10.0.40219.1
Project("{D954291E-2A0B-460D-934E-DC6B0785DB48}") = "Ladon.Shared", "Ladon.Shared\Ladon.Shared.shproj", "{A594D7EC-05A3-4A7C-A771-553247DF84BB}"
EndProject
Project("{FAE04EC0-301F-11D3-BF4B-00C04F79EFBC}") = "Ladon.Tests", "Ladon.Tests\Ladon.Tests.csproj", "{C9A0D8DB-1C62-4F1C-B746-97BBB57B8F0B}"
EndProject
Project("{9A19103F-16F7-4668-BE54-9A1E7A4F7556}") = "Ladon", "Ladon\Ladon.csproj", "{D3399188-D7A4-4B32-A898-6A6A45B65C6E}"
EndProject
Global
	GlobalSection(SharedMSBuildProjectFiles) = preSolution
		Ladon.Shared\Ladon.Shared.projitems*{a594d7ec-05a3-4a7c-a771-553247df84bb}*SharedItemsImports = 13
		Ladon.Shared\Ladon.Shared.projitems*{d3399188-d7a4-4b32-a898-6a6a45b65c6e}*SharedItemsImports = 5
	EndGlobalSection
	GlobalSection(SolutionConfigurationPlatforms) = preSolution
		Debug|Any CPU = Debug|Any CPU
		Release|Any CPU = Release|Any CPU
	EndGlobalSection
	GlobalSection(ProjectConfigurationPlatforms) = postSolution
		{C9A0D8DB-1C62-4F1C-B746-97BBB57B8F0B}.Debug|Any CPU.ActiveCfg = Debug|Any CPU
		{C9A0D8DB-1C62-4F1C-B746-97BBB57B8F0B}.Debug|Any CPU.Build.0 = Debug|Any CPU
		{C9A0D8DB-1C62-4F1C-B746-97BBB57B8F0B}.Release|Any CPU.ActiveCfg = Release|Any CPU
		{C9A0D8DB-1C62-4F1C-B746-97BBB57B8F0B}.Release|Any CPU.Build.0 = Release|Any CPU
		{D3399188-D7A4-4B32-A898-6A6A45B65C6E}.Debug|Any CPU.ActiveCfg = Debug|Any CPU
		{D3399188-D7A4-4B32-A898-6A6A45B65C6E}.Debug|Any CPU.Build.0 = Debug|Any CPU
		{D3399188-D7A4-4B32-A898-6A6A45B65C6E}.Release|Any CPU.ActiveCfg = Release|Any CPU
		{D3399188-D7A4-4B32-A898-6A6A45B65C6E}.Release|Any CPU.Build.0 = Release|Any CPU
	EndGlobalSection
	GlobalSection(SolutionProperties) = preSolution
		HideSolutionNode = FALSE
	EndGlobalSection
	GlobalSection(ExtensibilityGlobals) = postSolution
		SolutionGuid = {20D5515E-B237-407C-856E-C5A473F8BF50}
	EndGlobalSection
EndGlobal
